
Microsoft Visual Studio Solution File, Format Version 12.00
# Visual Studio Version 18
VisualStudioVersion = 18.3.11520.95 d18.3
MinimumVisualStudioVersion = 10.0.40219.1
Project("{FAE04EC0-301F-11D3-BF4B-00C04F79EFBC}") = "aspnet-export-template", "aspnet-export-template.csproj", "{A8B4A2FC-6D83-0E57-241A-FBCACFE9B042}"
EndProject
Global
	GlobalSection(SolutionConfigurationPlatforms) = preSolution
		Debug|Any CPU = Debug|Any CPU
		Release|Any CPU = Release|Any CPU
	EndGlobalSection
	GlobalSection(ProjectConfigurationPlatforms) = postSolution
		{A8B4A2FC-6D83-0E57-241A-FBCACFE9B042}.Debug|Any CPU.ActiveCfg = Debug|Any CPU
		{A8B4A2FC-6D83-0E57-241A-FBCACFE9B042}.Debug|Any CPU.Build.0 = Debug|Any CPU
		{A8B4A2FC-6D83-0E57-241A-FBCACFE9B042}.Release|Any CPU.ActiveCfg = Release|Any CPU
		{A8B4A2FC-6D83-0E57-241A-FBCACFE9B042}.Release|Any CPU.Build.0 = Release|Any CPU
	EndGlobalSection
	GlobalSection(SolutionProperties) = preSolution
		HideSolutionNode = FALSE
	EndGlobalSection
	GlobalSection(ExtensibilityGlobals) = postSolution
		SolutionGuid = {0811161B-B329-4800-A035-47E0D5E8F5E0}
	EndGlobalSection
EndGlobal
